// !$*UTF8*$!
{
	archiveVersion = 1;
	classes = {
	};
	objectVersion = 56;
	objects = {

/* Begin PBXBuildFile section */
		6F3791562AE0CB93002AF6E2 /* Model.xcdatamodeld in Sources */ = {isa = PBXBuildFile; fileRef = 6F3791542AE0CB93002AF6E2 /* Model.xcdatamodeld */; };
		6F3791582AE0CD41002AF6E2 /* User.swift in Sources */ = {isa = PBXBuildFile; fileRef = 6F3791572AE0CD41002AF6E2 /* User.swift */; };
		6F37915A2AE0CFA3002AF6E2 /* LocalStorageViewController.swift in Sources */ = {isa = PBXBuildFile; fileRef = 6F3791592AE0CFA3002AF6E2 /* LocalStorageViewController.swift */; };
		6F37915E2AE0D0C0002AF6E2 /* UserDataTableCell.swift in Sources */ = {isa = PBXBuildFile; fileRef = 6F37915C2AE0D0C0002AF6E2 /* UserDataTableCell.swift */; };
		6F37915F2AE0D0C0002AF6E2 /* UserDataTableCell.xib in Resources */ = {isa = PBXBuildFile; fileRef = 6F37915D2AE0D0C0002AF6E2 /* UserDataTableCell.xib */; };
		6F3791612AE0DDDA002AF6E2 /* CoreData.swift in Sources */ = {isa = PBXBuildFile; fileRef = 6F3791602AE0DDDA002AF6E2 /* CoreData.swift */; };
		6F3791642AE1050C002AF6E2 /* APIService.swift in Sources */ = {isa = PBXBuildFile; fileRef = 6F3791632AE1050C002AF6E2 /* APIService.swift */; };
		6F3791672AE10818002AF6E2 /* EmployeeViewModel.swift in Sources */ = {isa = PBXBuildFile; fileRef = 6F3791662AE10818002AF6E2 /* EmployeeViewModel.swift */; };
		6F3791692AE1132D002AF6E2 /* UserViewModel.swift in Sources */ = {isa = PBXBuildFile; fileRef = 6F3791682AE1132D002AF6E2 /* UserViewModel.swift */; };
		6F37916C2AE11349002AF6E2 /* UserRepository.swift in Sources */ = {isa = PBXBuildFile; fileRef = 6F37916B2AE11349002AF6E2 /* UserRepository.swift */; };
		6FABE6492AD8D9E700B779C8 /* AppDelegate.swift in Sources */ = {isa = PBXBuildFile; fileRef = 6FABE6482AD8D9E700B779C8 /* AppDelegate.swift */; };
		6FABE64B2AD8D9E700B779C8 /* SceneDelegate.swift in Sources */ = {isa = PBXBuildFile; fileRef = 6FABE64A2AD8D9E700B779C8 /* SceneDelegate.swift */; };
		6FABE64D2AD8D9E700B779C8 /* ViewController.swift in Sources */ = {isa = PBXBuildFile; fileRef = 6FABE64C2AD8D9E700B779C8 /* ViewController.swift */; };
		6FABE6502AD8D9E700B779C8 /* Main.storyboard in Resources */ = {isa = PBXBuildFile; fileRef = 6FABE64E2AD8D9E700B779C8 /* Main.storyboard */; };
		6FABE6522AD8D9E800B779C8 /* Assets.xcassets in Resources */ = {isa = PBXBuildFile; fileRef = 6FABE6512AD8D9E800B779C8 /* Assets.xcassets */; };
		6FABE6552AD8D9E800B779C8 /* LaunchScreen.storyboard in Resources */ = {isa = PBXBuildFile; fileRef = 6FABE6532AD8D9E800B779C8 /* LaunchScreen.storyboard */; };
		6FABE6602AD8D9E900B779C8 /* Day2Tests.swift in Sources */ = {isa = PBXBuildFile; fileRef = 6FABE65F2AD8D9E900B779C8 /* Day2Tests.swift */; };
		6FABE66A2AD8D9E900B779C8 /* Day2UITests.swift in Sources */ = {isa = PBXBuildFile; fileRef = 6FABE6692AD8D9E900B779C8 /* Day2UITests.swift */; };
		6FABE66C2AD8D9E900B779C8 /* Day2UITestsLaunchTests.swift in Sources */ = {isa = PBXBuildFile; fileRef = 6FABE66B2AD8D9E900B779C8 /* Day2UITestsLaunchTests.swift */; };
		6FABE6792AD8F30D00B779C8 /* SecondViewController.swift in Sources */ = {isa = PBXBuildFile; fileRef = 6FABE6782AD8F30D00B779C8 /* SecondViewController.swift */; };
		6FC4326A2AD93AA4000F8210 /* ProfileTableViewCell.swift in Sources */ = {isa = PBXBuildFile; fileRef = 6FC432682AD93AA4000F8210 /* ProfileTableViewCell.swift */; };
		6FC4326B2AD93AA4000F8210 /* ProfileTableViewCell.xib in Resources */ = {isa = PBXBuildFile; fileRef = 6FC432692AD93AA4000F8210 /* ProfileTableViewCell.xib */; };
		6FC4326E2ADF7A24000F8210 /* Profile.swift in Sources */ = {isa = PBXBuildFile; fileRef = 6FC4326D2ADF7A24000F8210 /* Profile.swift */; };
		6FC432772ADF99D1000F8210 /* Alamofire in Frameworks */ = {isa = PBXBuildFile; productRef = 6FC432762ADF99D1000F8210 /* Alamofire */; };
		6FC432792ADFB4B6000F8210 /* EmployeViewController.swift in Sources */ = {isa = PBXBuildFile; fileRef = 6FC432782ADFB4B6000F8210 /* EmployeViewController.swift */; };
		6FC432802ADFB8AA000F8210 /* EmployeeTableCell.swift in Sources */ = {isa = PBXBuildFile; fileRef = 6FC4327E2ADFB8AA000F8210 /* EmployeeTableCell.swift */; };
		6FC432812ADFB8AA000F8210 /* EmployeeTableCell.xib in Resources */ = {isa = PBXBuildFile; fileRef = 6FC4327F2ADFB8AA000F8210 /* EmployeeTableCell.xib */; };
		6FC432832ADFBD94000F8210 /* Employee.swift in Sources */ = {isa = PBXBuildFile; fileRef = 6FC432822ADFBD94000F8210 /* Employee.swift */; };
/* End PBXBuildFile section */

/* Begin PBXContainerItemProxy section */
		6FABE65C2AD8D9E900B779C8 /* PBXContainerItemProxy */ = {
			isa = PBXContainerItemProxy;
			containerPortal = 6FABE63D2AD8D9E700B779C8 /* Project object */;
			proxyType = 1;
			remoteGlobalIDString = 6FABE6442AD8D9E700B779C8;
			remoteInfo = Day2;
		};
		6FABE6662AD8D9E900B779C8 /* PBXContainerItemProxy */ = {
			isa = PBXContainerItemProxy;
			containerPortal = 6FABE63D2AD8D9E700B779C8 /* Project object */;
			proxyType = 1;
			remoteGlobalIDString = 6FABE6442AD8D9E700B779C8;
			remoteInfo = Day2;
		};
/* End PBXContainerItemProxy section */

/* Begin PBXFileReference section */
		6F3791552AE0CB93002AF6E2 /* Model.xcdatamodel */ = {isa = PBXFileReference; lastKnownFileType = wrapper.xcdatamodel; path = Model.xcdatamodel; sourceTree = "<group>"; };
		6F3791572AE0CD41002AF6E2 /* User.swift */ = {isa = PBXFileReference; lastKnownFileType = sourcecode.swift; path = User.swift; sourceTree = "<group>"; };
		6F3791592AE0CFA3002AF6E2 /* LocalStorageViewController.swift */ = {isa = PBXFileReference; lastKnownFileType = sourcecode.swift; path = LocalStorageViewController.swift; sourceTree = "<group>"; };
		6F37915C2AE0D0C0002AF6E2 /* UserDataTableCell.swift */ = {isa = PBXFileReference; lastKnownFileType = sourcecode.swift; path = UserDataTableCell.swift; sourceTree = "<group>"; };
		6F37915D2AE0D0C0002AF6E2 /* UserDataTableCell.xib */ = {isa = PBXFileReference; lastKnownFileType = file.xib; path = UserDataTableCell.xib; sourceTree = "<group>"; };
		6F3791602AE0DDDA002AF6E2 /* CoreData.swift */ = {isa = PBXFileReference; lastKnownFileType = sourcecode.swift; path = CoreData.swift; sourceTree = "<group>"; };
		6F3791632AE1050C002AF6E2 /* APIService.swift */ = {isa = PBXFileReference; lastKnownFileType = sourcecode.swift; path = APIService.swift; sourceTree = "<group>"; };
		6F3791662AE10818002AF6E2 /* EmployeeViewModel.swift */ = {isa = PBXFileReference; lastKnownFileType = sourcecode.swift; path = EmployeeViewModel.swift; sourceTree = "<group>"; };
		6F3791682AE1132D002AF6E2 /* UserViewModel.swift */ = {isa = PBXFileReference; lastKnownFileType = sourcecode.swift; path = UserViewModel.swift; sourceTree = "<group>"; };
		6F37916B2AE11349002AF6E2 /* UserRepository.swift */ = {isa = PBXFileReference; lastKnownFileType = sourcecode.swift; path = UserRepository.swift; sourceTree = "<group>"; };
		6FABE6452AD8D9E700B779C8 /* Day2.app */ = {isa = PBXFileReference; explicitFileType = wrapper.application; includeInIndex = 0; path = Day2.app; sourceTree = BUILT_PRODUCTS_DIR; };
		6FABE6482AD8D9E700B779C8 /* AppDelegate.swift */ = {isa = PBXFileReference; lastKnownFileType = sourcecode.swift; path = AppDelegate.swift; sourceTree = "<group>"; };
		6FABE64A2AD8D9E700B779C8 /* SceneDelegate.swift */ = {isa = PBXFileReference; lastKnownFileType = sourcecode.swift; path = SceneDelegate.swift; sourceTree = "<group>"; };
		6FABE64C2AD8D9E700B779C8 /* ViewController.swift */ = {isa = PBXFileReference; lastKnownFileType = sourcecode.swift; path = ViewController.swift; sourceTree = "<group>"; };
		6FABE64F2AD8D9E700B779C8 /* Base */ = {isa = PBXFileReference; lastKnownFileType = file.storyboard; name = Base; path = Base.lproj/Main.storyboard; sourceTree = "<group>"; };
		6FABE6512AD8D9E800B779C8 /* Assets.xcassets */ = {isa = PBXFileReference; lastKnownFileType = folder.assetcatalog; path = Assets.xcassets; sourceTree = "<group>"; };
		6FABE6542AD8D9E800B779C8 /* Base */ = {isa = PBXFileReference; lastKnownFileType = file.storyboard; name = Base; path = Base.lproj/LaunchScreen.storyboard; sourceTree = "<group>"; };
		6FABE6562AD8D9E800B779C8 /* Info.plist */ = {isa = PBXFileReference; lastKnownFileType = text.plist.xml; path = Info.plist; sourceTree = "<group>"; };
		6FABE65B2AD8D9E900B779C8 /* Day2Tests.xctest */ = {isa = PBXFileReference; explicitFileType = wrapper.cfbundle; includeInIndex = 0; path = Day2Tests.xctest; sourceTree = BUILT_PRODUCTS_DIR; };
		6FABE65F2AD8D9E900B779C8 /* Day2Tests.swift */ = {isa = PBXFileReference; lastKnownFileType = sourcecode.swift; path = Day2Tests.swift; sourceTree = "<group>"; };
		6FABE6652AD8D9E900B779C8 /* Day2UITests.xctest */ = {isa = PBXFileReference; explicitFileType = wrapper.cfbundle; includeInIndex = 0; path = Day2UITests.xctest; sourceTree = BUILT_PRODUCTS_DIR; };
		6FABE6692AD8D9E900B779C8 /* Day2UITests.swift */ = {isa = PBXFileReference; lastKnownFileType = sourcecode.swift; path = Day2UITests.swift; sourceTree = "<group>"; };
		6FABE66B2AD8D9E900B779C8 /* Day2UITestsLaunchTests.swift */ = {isa = PBXFileReference; lastKnownFileType = sourcecode.swift; path = Day2UITestsLaunchTests.swift; sourceTree = "<group>"; };
		6FABE6782AD8F30D00B779C8 /* SecondViewController.swift */ = {isa = PBXFileReference; lastKnownFileType = sourcecode.swift; path = SecondViewController.swift; sourceTree = "<group>"; };
		6FC432682AD93AA4000F8210 /* ProfileTableViewCell.swift */ = {isa = PBXFileReference; lastKnownFileType = sourcecode.swift; path = ProfileTableViewCell.swift; sourceTree = "<group>"; };
		6FC432692AD93AA4000F8210 /* ProfileTableViewCell.xib */ = {isa = PBXFileReference; lastKnownFileType = file.xib; path = ProfileTableViewCell.xib; sourceTree = "<group>"; };
		6FC4326D2ADF7A24000F8210 /* Profile.swift */ = {isa = PBXFileReference; lastKnownFileType = sourcecode.swift; path = Profile.swift; sourceTree = "<group>"; };
		6FC432782ADFB4B6000F8210 /* EmployeViewController.swift */ = {isa = PBXFileReference; lastKnownFileType = sourcecode.swift; path = EmployeViewController.swift; sourceTree = "<group>"; };
		6FC4327E2ADFB8AA000F8210 /* EmployeeTableCell.swift */ = {isa = PBXFileReference; lastKnownFileType = sourcecode.swift; path = EmployeeTableCell.swift; sourceTree = "<group>"; };
		6FC4327F2ADFB8AA000F8210 /* EmployeeTableCell.xib */ = {isa = PBXFileReference; lastKnownFileType = file.xib; path = EmployeeTableCell.xib; sourceTree = "<group>"; };
		6FC432822ADFBD94000F8210 /* Employee.swift */ = {isa = PBXFileReference; lastKnownFileType = sourcecode.swift; path = Employee.swift; sourceTree = "<group>"; };
/* End PBXFileReference section */

/* Begin PBXFrameworksBuildPhase section */
		6FABE6422AD8D9E700B779C8 /* Frameworks */ = {
			isa = PBXFrameworksBuildPhase;
			buildActionMask = 2147483647;
			files = (
				6FC432772ADF99D1000F8210 /* Alamofire in Frameworks */,
			);
			runOnlyForDeploymentPostprocessing = 0;
		};
		6FABE6582AD8D9E900B779C8 /* Frameworks */ = {
			isa = PBXFrameworksBuildPhase;
			buildActionMask = 2147483647;
			files = (
			);
			runOnlyForDeploymentPostprocessing = 0;
		};
		6FABE6622AD8D9E900B779C8 /* Frameworks */ = {
			isa = PBXFrameworksBuildPhase;
			buildActionMask = 2147483647;
			files = (
			);
			runOnlyForDeploymentPostprocessing = 0;
		};
/* End PBXFrameworksBuildPhase section */

/* Begin PBXGroup section */
		6F37915B2AE0D09A002AF6E2 /* TableCellUserData */ = {
			isa = PBXGroup;
			children = (
				6F37915C2AE0D0C0002AF6E2 /* UserDataTableCell.swift */,
				6F37915D2AE0D0C0002AF6E2 /* UserDataTableCell.xib */,
			);
			path = TableCellUserData;
			sourceTree = "<group>";
		};
		6F3791622AE104FE002AF6E2 /* APIService */ = {
			isa = PBXGroup;
			children = (
				6F3791632AE1050C002AF6E2 /* APIService.swift */,
			);
			path = APIService;
			sourceTree = "<group>";
		};
		6F3791652AE1080B002AF6E2 /* ViewModel */ = {
			isa = PBXGroup;
			children = (
				6F3791662AE10818002AF6E2 /* EmployeeViewModel.swift */,
				6F3791682AE1132D002AF6E2 /* UserViewModel.swift */,
			);
			path = ViewModel;
			sourceTree = "<group>";
		};
		6F37916A2AE1133C002AF6E2 /* Utilities */ = {
			isa = PBXGroup;
			children = (
				6F37916B2AE11349002AF6E2 /* UserRepository.swift */,
			);
			path = Utilities;
			sourceTree = "<group>";
		};
		6FABE63C2AD8D9E700B779C8 = {
			isa = PBXGroup;
			children = (
				6FABE6472AD8D9E700B779C8 /* Day2 */,
				6FABE65E2AD8D9E900B779C8 /* Day2Tests */,
				6FABE6682AD8D9E900B779C8 /* Day2UITests */,
				6FABE6462AD8D9E700B779C8 /* Products */,
				6FC432722ADF9946000F8210 /* Frameworks */,
			);
			sourceTree = "<group>";
		};
		6FABE6462AD8D9E700B779C8 /* Products */ = {
			isa = PBXGroup;
			children = (
				6FABE6452AD8D9E700B779C8 /* Day2.app */,
				6FABE65B2AD8D9E900B779C8 /* Day2Tests.xctest */,
				6FABE6652AD8D9E900B779C8 /* Day2UITests.xctest */,
			);
			name = Products;
			sourceTree = "<group>";
		};
		6FABE6472AD8D9E700B779C8 /* Day2 */ = {
			isa = PBXGroup;
			children = (
				6F37916A2AE1133C002AF6E2 /* Utilities */,
				6F3791652AE1080B002AF6E2 /* ViewModel */,
				6F3791622AE104FE002AF6E2 /* APIService */,
				6F37915B2AE0D09A002AF6E2 /* TableCellUserData */,
				6FC4327B2ADFB7AF000F8210 /* TableCellEmployee */,
				6FC4327A2ADFB4FB000F8210 /* ViewController */,
				6FC4326C2ADF7A16000F8210 /* Model */,
				6FC432672AD93A6D000F8210 /* TableViewCell */,
				6FABE6482AD8D9E700B779C8 /* AppDelegate.swift */,
				6FABE64A2AD8D9E700B779C8 /* SceneDelegate.swift */,
				6FABE64C2AD8D9E700B779C8 /* ViewController.swift */,
				6FABE6782AD8F30D00B779C8 /* SecondViewController.swift */,
				6FABE64E2AD8D9E700B779C8 /* Main.storyboard */,
				6FABE6512AD8D9E800B779C8 /* Assets.xcassets */,
				6FABE6532AD8D9E800B779C8 /* LaunchScreen.storyboard */,
				6FABE6562AD8D9E800B779C8 /* Info.plist */,
				6F3791542AE0CB93002AF6E2 /* Model.xcdatamodeld */,
			);
			path = Day2;
			sourceTree = "<group>";
		};
		6FABE65E2AD8D9E900B779C8 /* Day2Tests */ = {
			isa = PBXGroup;
			children = (
				6FABE65F2AD8D9E900B779C8 /* Day2Tests.swift */,
			);
			path = Day2Tests;
			sourceTree = "<group>";
		};
		6FABE6682AD8D9E900B779C8 /* Day2UITests */ = {
			isa = PBXGroup;
			children = (
				6FABE6692AD8D9E900B779C8 /* Day2UITests.swift */,
				6FABE66B2AD8D9E900B779C8 /* Day2UITestsLaunchTests.swift */,
			);
			path = Day2UITests;
			sourceTree = "<group>";
		};
		6FC432672AD93A6D000F8210 /* TableViewCell */ = {
			isa = PBXGroup;
			children = (
				6FC432682AD93AA4000F8210 /* ProfileTableViewCell.swift */,
				6FC432692AD93AA4000F8210 /* ProfileTableViewCell.xib */,
			);
			path = TableViewCell;
			sourceTree = "<group>";
		};
		6FC4326C2ADF7A16000F8210 /* Model */ = {
			isa = PBXGroup;
			children = (
				6FC4326D2ADF7A24000F8210 /* Profile.swift */,
				6FC432822ADFBD94000F8210 /* Employee.swift */,
				6F3791572AE0CD41002AF6E2 /* User.swift */,
				6F3791602AE0DDDA002AF6E2 /* CoreData.swift */,
			);
			path = Model;
			sourceTree = "<group>";
		};
		6FC432722ADF9946000F8210 /* Frameworks */ = {
			isa = PBXGroup;
			children = (
			);
			name = Frameworks;
			sourceTree = "<group>";
		};
		6FC4327A2ADFB4FB000F8210 /* ViewController */ = {
			isa = PBXGroup;
			children = (
				6FC432782ADFB4B6000F8210 /* EmployeViewController.swift */,
				6F3791592AE0CFA3002AF6E2 /* LocalStorageViewController.swift */,
			);
			path = ViewController;
			sourceTree = "<group>";
		};
		6FC4327B2ADFB7AF000F8210 /* TableCellEmployee */ = {
			isa = PBXGroup;
			children = (
				6FC4327E2ADFB8AA000F8210 /* EmployeeTableCell.swift */,
				6FC4327F2ADFB8AA000F8210 /* EmployeeTableCell.xib */,
			);
			path = TableCellEmployee;
			sourceTree = "<group>";
		};
/* End PBXGroup section */

/* Begin PBXNativeTarget section */
		6FABE6442AD8D9E700B779C8 /* Day2 */ = {
			isa = PBXNativeTarget;
			buildConfigurationList = 6FABE66F2AD8D9E900B779C8 /* Build configuration list for PBXNativeTarget "Day2" */;
			buildPhases = (
				6FABE6412AD8D9E700B779C8 /* Sources */,
				6FABE6422AD8D9E700B779C8 /* Frameworks */,
				6FABE6432AD8D9E700B779C8 /* Resources */,
			);
			buildRules = (
			);
			dependencies = (
			);
			name = Day2;
			packageProductDependencies = (
				6FC432762ADF99D1000F8210 /* Alamofire */,
			);
			productName = Day2;
			productReference = 6FABE6452AD8D9E700B779C8 /* Day2.app */;
			productType = "com.apple.product-type.application";
		};
		6FABE65A2AD8D9E900B779C8 /* Day2Tests */ = {
			isa = PBXNativeTarget;
			buildConfigurationList = 6FABE6722AD8D9E900B779C8 /* Build configuration list for PBXNativeTarget "Day2Tests" */;
			buildPhases = (
				6FABE6572AD8D9E900B779C8 /* Sources */,
				6FABE6582AD8D9E900B779C8 /* Frameworks */,
				6FABE6592AD8D9E900B779C8 /* Resources */,
			);
			buildRules = (
			);
			dependencies = (
				6FABE65D2AD8D9E900B779C8 /* PBXTargetDependency */,
			);
			name = Day2Tests;
			productName = Day2Tests;
			productReference = 6FABE65B2AD8D9E900B779C8 /* Day2Tests.xctest */;
			productType = "com.apple.product-type.bundle.unit-test";
		};
		6FABE6642AD8D9E900B779C8 /* Day2UITests */ = {
			isa = PBXNativeTarget;
			buildConfigurationList = 6FABE6752AD8D9E900B779C8 /* Build configuration list for PBXNativeTarget "Day2UITests" */;
			buildPhases = (
				6FABE6612AD8D9E900B779C8 /* Sources */,
				6FABE6622AD8D9E900B779C8 /* Frameworks */,
				6FABE6632AD8D9E900B779C8 /* Resources */,
			);
			buildRules = (
			);
			dependencies = (
				6FABE6672AD8D9E900B779C8 /* PBXTargetDependency */,
			);
			name = Day2UITests;
			productName = Day2UITests;
			productReference = 6FABE6652AD8D9E900B779C8 /* Day2UITests.xctest */;
			productType = "com.apple.product-type.bundle.ui-testing";
		};
/* End PBXNativeTarget section */

/* Begin PBXProject section */
		6FABE63D2AD8D9E700B779C8 /* Project object */ = {
			isa = PBXProject;
			attributes = {
				BuildIndependentTargetsInParallel = 1;
				LastSwiftUpdateCheck = 1500;
				LastUpgradeCheck = 1500;
				TargetAttributes = {
					6FABE6442AD8D9E700B779C8 = {
						CreatedOnToolsVersion = 15.0;
					};
					6FABE65A2AD8D9E900B779C8 = {
						CreatedOnToolsVersion = 15.0;
						TestTargetID = 6FABE6442AD8D9E700B779C8;
					};
					6FABE6642AD8D9E900B779C8 = {
						CreatedOnToolsVersion = 15.0;
						TestTargetID = 6FABE6442AD8D9E700B779C8;
					};
				};
			};
			buildConfigurationList = 6FABE6402AD8D9E700B779C8 /* Build configuration list for PBXProject "Day2" */;
			compatibilityVersion = "Xcode 14.0";
			developmentRegion = en;
			hasScannedForEncodings = 0;
			knownRegions = (
				en,
				Base,
			);
			mainGroup = 6FABE63C2AD8D9E700B779C8;
			packageReferences = (
				6FC432752ADF99D1000F8210 /* XCRemoteSwiftPackageReference "Alamofire" */,
			);
			productRefGroup = 6FABE6462AD8D9E700B779C8 /* Products */;
			projectDirPath = "";
			projectRoot = "";
			targets = (
				6FABE6442AD8D9E700B779C8 /* Day2 */,
				6FABE65A2AD8D9E900B779C8 /* Day2Tests */,
				6FABE6642AD8D9E900B779C8 /* Day2UITests */,
			);
		};
/* End PBXProject section */

/* Begin PBXResourcesBuildPhase section */
		6FABE6432AD8D9E700B779C8 /* Resources */ = {
			isa = PBXResourcesBuildPhase;
			buildActionMask = 2147483647;
			files = (
				6FABE6552AD8D9E800B779C8 /* LaunchScreen.storyboard in Resources */,
				6F37915F2AE0D0C0002AF6E2 /* UserDataTableCell.xib in Resources */,
				6FC432812ADFB8AA000F8210 /* EmployeeTableCell.xib in Resources */,
				6FC4326B2AD93AA4000F8210 /* ProfileTableViewCell.xib in Resources */,
				6FABE6522AD8D9E800B779C8 /* Assets.xcassets in Resources */,
				6FABE6502AD8D9E700B779C8 /* Main.storyboard in Resources */,
			);
			runOnlyForDeploymentPostprocessing = 0;
		};
		6FABE6592AD8D9E900B779C8 /* Resources */ = {
			isa = PBXResourcesBuildPhase;
			buildActionMask = 2147483647;
			files = (
			);
			runOnlyForDeploymentPostprocessing = 0;
		};
		6FABE6632AD8D9E900B779C8 /* Resources */ = {
			isa = PBXResourcesBuildPhase;
			buildActionMask = 2147483647;
			files = (
			);
			runOnlyForDeploymentPostprocessing = 0;
		};
/* End PBXResourcesBuildPhase section */

/* Begin PBXSourcesBuildPhase section */
		6FABE6412AD8D9E700B779C8 /* Sources */ = {
			isa = PBXSourcesBuildPhase;
			buildActionMask = 2147483647;
			files = (
				6FABE6792AD8F30D00B779C8 /* SecondViewController.swift in Sources */,
				6F3791642AE1050C002AF6E2 /* APIService.swift in Sources */,
				6F37916C2AE11349002AF6E2 /* UserRepository.swift in Sources */,
				6FC432832ADFBD94000F8210 /* Employee.swift in Sources */,
				6FC4326E2ADF7A24000F8210 /* Profile.swift in Sources */,
				6FC432802ADFB8AA000F8210 /* EmployeeTableCell.swift in Sources */,
				6F3791612AE0DDDA002AF6E2 /* CoreData.swift in Sources */,
				6FABE64D2AD8D9E700B779C8 /* ViewController.swift in Sources */,
				6FC432792ADFB4B6000F8210 /* EmployeViewController.swift in Sources */,
				6FABE6492AD8D9E700B779C8 /* AppDelegate.swift in Sources */,
				6F3791562AE0CB93002AF6E2 /* Model.xcdatamodeld in Sources */,
				6F37915A2AE0CFA3002AF6E2 /* LocalStorageViewController.swift in Sources */,
				6FC4326A2AD93AA4000F8210 /* ProfileTableViewCell.swift in Sources */,
				6FABE64B2AD8D9E700B779C8 /* SceneDelegate.swift in Sources */,
				6F37915E2AE0D0C0002AF6E2 /* UserDataTableCell.swift in Sources */,
				6F3791692AE1132D002AF6E2 /* UserViewModel.swift in Sources */,
				6F3791672AE10818002AF6E2 /* EmployeeViewModel.swift in Sources */,
				6F3791582AE0CD41002AF6E2 /* User.swift in Sources */,
			);
			runOnlyForDeploymentPostprocessing = 0;
		};
		6FABE6572AD8D9E900B779C8 /* Sources */ = {
			isa = PBXSourcesBuildPhase;
			buildActionMask = 2147483647;
			files = (
				6FABE6602AD8D9E900B779C8 /* Day2Tests.swift in Sources */,
			);
			runOnlyForDeploymentPostprocessing = 0;
		};
		6FABE6612AD8D9E900B779C8 /* Sources */ = {
			isa = PBXSourcesBuildPhase;
			buildActionMask = 2147483647;
			files = (
				6FABE66C2AD8D9E900B779C8 /* Day2UITestsLaunchTests.swift in Sources */,
				6FABE66A2AD8D9E900B779C8 /* Day2UITests.swift in Sources */,
			);
			runOnlyForDeploymentPostprocessing = 0;
		};
/* End PBXSourcesBuildPhase section */

/* Begin PBXTargetDependency section */
		6FABE65D2AD8D9E900B779C8 /* PBXTargetDependency */ = {
			isa = PBXTargetDependency;
			target = 6FABE6442AD8D9E700B779C8 /* Day2 */;
			targetProxy = 6FABE65C2AD8D9E900B779C8 /* PBXContainerItemProxy */;
		};
		6FABE6672AD8D9E900B779C8 /* PBXTargetDependency */ = {
			isa = PBXTargetDependency;
			target = 6FABE6442AD8D9E700B779C8 /* Day2 */;
			targetProxy = 6FABE6662AD8D9E900B779C8 /* PBXContainerItemProxy */;
		};
/* End PBXTargetDependency section */

/* Begin PBXVariantGroup section */
		6FABE64E2AD8D9E700B779C8 /* Main.storyboard */ = {
			isa = PBXVariantGroup;
			children = (
				6FABE64F2AD8D9E700B779C8 /* Base */,
			);
			name = Main.storyboard;
			sourceTree = "<group>";
		};
		6FABE6532AD8D9E800B779C8 /* LaunchScreen.storyboard */ = {
			isa = PBXVariantGroup;
			children = (
				6FABE6542AD8D9E800B779C8 /* Base */,
			);
			name = LaunchScreen.storyboard;
			sourceTree = "<group>";
		};
/* End PBXVariantGroup section */

/* Begin XCBuildConfiguration section */
		6FABE66D2AD8D9E900B779C8 /* Debug */ = {
			isa = XCBuildConfiguration;
			buildSettings = {
				ALWAYS_SEARCH_USER_PATHS = NO;
				ASSETCATALOG_COMPILER_GENERATE_SWIFT_ASSET_SYMBOL_EXTENSIONS = YES;
				CLANG_ANALYZER_NONNULL = YES;
				CLANG_ANALYZER_NUMBER_OBJECT_CONVERSION = YES_AGGRESSIVE;
				CLANG_CXX_LANGUAGE_STANDARD = "gnu++20";
				CLANG_ENABLE_MODULES = YES;
				CLANG_ENABLE_OBJC_ARC = YES;
				CLANG_ENABLE_OBJC_WEAK = YES;
				CLANG_WARN_BLOCK_CAPTURE_AUTORELEASING = YES;
				CLANG_WARN_BOOL_CONVERSION = YES;
				CLANG_WARN_COMMA = YES;
				CLANG_WARN_CONSTANT_CONVERSION = YES;
				CLANG_WARN_DEPRECATED_OBJC_IMPLEMENTATIONS = YES;
				CLANG_WARN_DIRECT_OBJC_ISA_USAGE = YES_ERROR;
				CLANG_WARN_DOCUMENTATION_COMMENTS = YES;
				CLANG_WARN_EMPTY_BODY = YES;
				CLANG_WARN_ENUM_CONVERSION = YES;
				CLANG_WARN_INFINITE_RECURSION = YES;
				CLANG_WARN_INT_CONVERSION = YES;
				CLANG_WARN_NON_LITERAL_NULL_CONVERSION = YES;
				CLANG_WARN_OBJC_IMPLICIT_RETAIN_SELF = YES;
				CLANG_WARN_OBJC_LITERAL_CONVERSION = YES;
				CLANG_WARN_OBJC_ROOT_CLASS = YES_ERROR;
				CLANG_WARN_QUOTED_INCLUDE_IN_FRAMEWORK_HEADER = YES;
				CLANG_WARN_RANGE_LOOP_ANALYSIS = YES;
				CLANG_WARN_STRICT_PROTOTYPES = YES;
				CLANG_WARN_SUSPICIOUS_MOVE = YES;
				CLANG_WARN_UNGUARDED_AVAILABILITY = YES_AGGRESSIVE;
				CLANG_WARN_UNREACHABLE_CODE = YES;
				CLANG_WARN__DUPLICATE_METHOD_MATCH = YES;
				COPY_PHASE_STRIP = NO;
				DEBUG_INFORMATION_FORMAT = dwarf;
				ENABLE_STRICT_OBJC_MSGSEND = YES;
				ENABLE_TESTABILITY = YES;
				ENABLE_USER_SCRIPT_SANDBOXING = YES;
				GCC_C_LANGUAGE_STANDARD = gnu17;
				GCC_DYNAMIC_NO_PIC = NO;
				GCC_NO_COMMON_BLOCKS = YES;
				GCC_OPTIMIZATION_LEVEL = 0;
				GCC_PREPROCESSOR_DEFINITIONS = (
					"DEBUG=1",
					"$(inherited)",
				);
				GCC_WARN_64_TO_32_BIT_CONVERSION = YES;
				GCC_WARN_ABOUT_RETURN_TYPE = YES_ERROR;
				GCC_WARN_UNDECLARED_SELECTOR = YES;
				GCC_WARN_UNINITIALIZED_AUTOS = YES_AGGRESSIVE;
				GCC_WARN_UNUSED_FUNCTION = YES;
				GCC_WARN_UNUSED_VARIABLE = YES;
				IPHONEOS_DEPLOYMENT_TARGET = 17.0;
				LOCALIZATION_PREFERS_STRING_CATALOGS = YES;
				MTL_ENABLE_DEBUG_INFO = INCLUDE_SOURCE;
				MTL_FAST_MATH = YES;
				ONLY_ACTIVE_ARCH = YES;
				SDKROOT = iphoneos;
				SWIFT_ACTIVE_COMPILATION_CONDITIONS = "DEBUG $(inherited)";
				SWIFT_OPTIMIZATION_LEVEL = "-Onone";
			};
			name = Debug;
		};
		6FABE66E2AD8D9E900B779C8 /* Release */ = {
			isa = XCBuildConfiguration;
			buildSettings = {
				ALWAYS_SEARCH_USER_PATHS = NO;
				ASSETCATALOG_COMPILER_GENERATE_SWIFT_ASSET_SYMBOL_EXTENSIONS = YES;
				CLANG_ANALYZER_NONNULL = YES;
				CLANG_ANALYZER_NUMBER_OBJECT_CONVERSION = YES_AGGRESSIVE;
				CLANG_CXX_LANGUAGE_STANDARD = "gnu++20";
				CLANG_ENABLE_MODULES = YES;
				CLANG_ENABLE_OBJC_ARC = YES;
				CLANG_ENABLE_OBJC_WEAK = YES;
				CLANG_WARN_BLOCK_CAPTURE_AUTORELEASING = YES;
				CLANG_WARN_BOOL_CONVERSION = YES;
				CLANG_WARN_COMMA = YES;
				CLANG_WARN_CONSTANT_CONVERSION = YES;
				CLANG_WARN_DEPRECATED_OBJC_IMPLEMENTATIONS = YES;
				CLANG_WARN_DIRECT_OBJC_ISA_USAGE = YES_ERROR;
				CLANG_WARN_DOCUMENTATION_COMMENTS = YES;
				CLANG_WARN_EMPTY_BODY = YES;
				CLANG_WARN_ENUM_CONVERSION = YES;
				CLANG_WARN_INFINITE_RECURSION = YES;
				CLANG_WARN_INT_CONVERSION = YES;
				CLANG_WARN_NON_LITERAL_NULL_CONVERSION = YES;
				CLANG_WARN_OBJC_IMPLICIT_RETAIN_SELF = YES;
				CLANG_WARN_OBJC_LITERAL_CONVERSION = YES;
				CLANG_WARN_OBJC_ROOT_CLASS = YES_ERROR;
				CLANG_WARN_QUOTED_INCLUDE_IN_FRAMEWORK_HEADER = YES;
				CLANG_WARN_RANGE_LOOP_ANALYSIS = YES;
				CLANG_WARN_STRICT_PROTOTYPES = YES;
				CLANG_WARN_SUSPICIOUS_MOVE = YES;
				CLANG_WARN_UNGUARDED_AVAILABILITY = YES_AGGRESSIVE;
				CLANG_WARN_UNREACHABLE_CODE = YES;
				CLANG_WARN__DUPLICATE_METHOD_MATCH = YES;
				COPY_PHASE_STRIP = NO;
				DEBUG_INFORMATION_FORMAT = "dwarf-with-dsym";
				ENABLE_NS_ASSERTIONS = NO;
				ENABLE_STRICT_OBJC_MSGSEND = YES;
				ENABLE_USER_SCRIPT_SANDBOXING = YES;
				GCC_C_LANGUAGE_STANDARD = gnu17;
				GCC_NO_COMMON_BLOCKS = YES;
				GCC_WARN_64_TO_32_BIT_CONVERSION = YES;
				GCC_WARN_ABOUT_RETURN_TYPE = YES_ERROR;
				GCC_WARN_UNDECLARED_SELECTOR = YES;
				GCC_WARN_UNINITIALIZED_AUTOS = YES_AGGRESSIVE;
				GCC_WARN_UNUSED_FUNCTION = YES;
				GCC_WARN_UNUSED_VARIABLE = YES;
				IPHONEOS_DEPLOYMENT_TARGET = 17.0;
				LOCALIZATION_PREFERS_STRING_CATALOGS = YES;
				MTL_ENABLE_DEBUG_INFO = NO;
				MTL_FAST_MATH = YES;
				SDKROOT = iphoneos;
				SWIFT_COMPILATION_MODE = wholemodule;
				VALIDATE_PRODUCT = YES;
			};
			name = Release;
		};
		6FABE6702AD8D9E900B779C8 /* Debug */ = {
			isa = XCBuildConfiguration;
			buildSettings = {
				ASSETCATALOG_COMPILER_APPICON_NAME = AppIcon;
				ASSETCATALOG_COMPILER_GLOBAL_ACCENT_COLOR_NAME = AccentColor;
				CODE_SIGN_STYLE = Automatic;
				CURRENT_PROJECT_VERSION = 1;
				GENERATE_INFOPLIST_FILE = YES;
				INFOPLIST_FILE = Day2/Info.plist;
				INFOPLIST_KEY_UIApplicationSupportsIndirectInputEvents = YES;
				INFOPLIST_KEY_UILaunchStoryboardName = LaunchScreen.storyboard;
				INFOPLIST_KEY_UIMainStoryboardFile = Main;
				INFOPLIST_KEY_UIStatusBarStyle = "";
				INFOPLIST_KEY_UISupportedInterfaceOrientations_iPad = "UIInterfaceOrientationPortrait UIInterfaceOrientationPortraitUpsideDown UIInterfaceOrientationLandscapeLeft UIInterfaceOrientationLandscapeRight";
				INFOPLIST_KEY_UISupportedInterfaceOrientations_iPhone = "UIInterfaceOrientationPortrait UIInterfaceOrientationLandscapeLeft UIInterfaceOrientationLandscapeRight";
				LD_RUNPATH_SEARCH_PATHS = (
					"$(inherited)",
					"@executable_path/Frameworks",
				);
				MARKETING_VERSION = 1.0;
				PRODUCT_BUNDLE_IDENTIFIER = com.bca.Day2;
				PRODUCT_NAME = "$(TARGET_NAME)";
				SWIFT_EMIT_LOC_STRINGS = YES;
				SWIFT_VERSION = 5.0;
				TARGETED_DEVICE_FAMILY = "1,2";
			};
			name = Debug;
		};
		6FABE6712AD8D9E900B779C8 /* Release */ = {
			isa = XCBuildConfiguration;
			buildSettings = {
				ASSETCATALOG_COMPILER_APPICON_NAME = AppIcon;
				ASSETCATALOG_COMPILER_GLOBAL_ACCENT_COLOR_NAME = AccentColor;
				CODE_SIGN_STYLE = Automatic;
				CURRENT_PROJECT_VERSION = 1;
				GENERATE_INFOPLIST_FILE = YES;
				INFOPLIST_FILE = Day2/Info.plist;
				INFOPLIST_KEY_UIApplicationSupportsIndirectInputEvents = YES;
				INFOPLIST_KEY_UILaunchStoryboardName = LaunchScreen.storyboard;
				INFOPLIST_KEY_UIMainStoryboardFile = Main;
				INFOPLIST_KEY_UIStatusBarStyle = "";
				INFOPLIST_KEY_UISupportedInterfaceOrientations_iPad = "UIInterfaceOrientationPortrait UIInterfaceOrientationPortraitUpsideDown UIInterfaceOrientationLandscapeLeft UIInterfaceOrientationLandscapeRight";
				INFOPLIST_KEY_UISupportedInterfaceOrientations_iPhone = "UIInterfaceOrientationPortrait UIInterfaceOrientationLandscapeLeft UIInterfaceOrientationLandscapeRight";
				LD_RUNPATH_SEARCH_PATHS = (
					"$(inherited)",
					"@executable_path/Frameworks",
				);
				MARKETING_VERSION = 1.0;
				PRODUCT_BUNDLE_IDENTIFIER = com.bca.Day2;
				PRODUCT_NAME = "$(TARGET_NAME)";
				SWIFT_EMIT_LOC_STRINGS = YES;
				SWIFT_VERSION = 5.0;
				TARGETED_DEVICE_FAMILY = "1,2";
			};
			name = Release;
		};
		6FABE6732AD8D9E900B779C8 /* Debug */ = {
			isa = XCBuildConfiguration;
			buildSettings = {
				ALWAYS_EMBED_SWIFT_STANDARD_LIBRARIES = YES;
				BUNDLE_LOADER = "$(TEST_HOST)";
				CODE_SIGN_STYLE = Automatic;
				CURRENT_PROJECT_VERSION = 1;
				GENERATE_INFOPLIST_FILE = YES;
				IPHONEOS_DEPLOYMENT_TARGET = 17.0;
				MARKETING_VERSION = 1.0;
				PRODUCT_BUNDLE_IDENTIFIER = com.bca.Day2Tests;
				PRODUCT_NAME = "$(TARGET_NAME)";
				SWIFT_EMIT_LOC_STRINGS = NO;
				SWIFT_VERSION = 5.0;
				TARGETED_DEVICE_FAMILY = "1,2";
				TEST_HOST = "$(BUILT_PRODUCTS_DIR)/Day2.app/$(BUNDLE_EXECUTABLE_FOLDER_PATH)/Day2";
			};
			name = Debug;
		};
		6FABE6742AD8D9E900B779C8 /* Release */ = {
			isa = XCBuildConfiguration;
			buildSettings = {
				ALWAYS_EMBED_SWIFT_STANDARD_LIBRARIES = YES;
				BUNDLE_LOADER = "$(TEST_HOST)";
				CODE_SIGN_STYLE = Automatic;
				CURRENT_PROJECT_VERSION = 1;
				GENERATE_INFOPLIST_FILE = YES;
				IPHONEOS_DEPLOYMENT_TARGET = 17.0;
				MARKETING_VERSION = 1.0;
				PRODUCT_BUNDLE_IDENTIFIER = com.bca.Day2Tests;
				PRODUCT_NAME = "$(TARGET_NAME)";
				SWIFT_EMIT_LOC_STRINGS = NO;
				SWIFT_VERSION = 5.0;
				TARGETED_DEVICE_FAMILY = "1,2";
				TEST_HOST = "$(BUILT_PRODUCTS_DIR)/Day2.app/$(BUNDLE_EXECUTABLE_FOLDER_PATH)/Day2";
			};
			name = Release;
		};
		6FABE6762AD8D9E900B779C8 /* Debug */ = {
			isa = XCBuildConfiguration;
			buildSettings = {
				ALWAYS_EMBED_SWIFT_STANDARD_LIBRARIES = YES;
				CODE_SIGN_STYLE = Automatic;
				CURRENT_PROJECT_VERSION = 1;
				GENERATE_INFOPLIST_FILE = YES;
				MARKETING_VERSION = 1.0;
				PRODUCT_BUNDLE_IDENTIFIER = com.bca.Day2UITests;
				PRODUCT_NAME = "$(TARGET_NAME)";
				SWIFT_EMIT_LOC_STRINGS = NO;
				SWIFT_VERSION = 5.0;
				TARGETED_DEVICE_FAMILY = "1,2";
				TEST_TARGET_NAME = Day2;
			};
			name = Debug;
		};
		6FABE6772AD8D9E900B779C8 /* Release */ = {
			isa = XCBuildConfiguration;
			buildSettings = {
				ALWAYS_EMBED_SWIFT_STANDARD_LIBRARIES = YES;
				CODE_SIGN_STYLE = Automatic;
				CURRENT_PROJECT_VERSION = 1;
				GENERATE_INFOPLIST_FILE = YES;
				MARKETING_VERSION = 1.0;
				PRODUCT_BUNDLE_IDENTIFIER = com.bca.Day2UITests;
				PRODUCT_NAME = "$(TARGET_NAME)";
				SWIFT_EMIT_LOC_STRINGS = NO;
				SWIFT_VERSION = 5.0;
				TARGETED_DEVICE_FAMILY = "1,2";
				TEST_TARGET_NAME = Day2;
			};
			name = Release;
		};
/* End XCBuildConfiguration section */

/* Begin XCConfigurationList section */
		6FABE6402AD8D9E700B779C8 /* Build configuration list for PBXProject "Day2" */ = {
			isa = XCConfigurationList;
			buildConfigurations = (
				6FABE66D2AD8D9E900B779C8 /* Debug */,
				6FABE66E2AD8D9E900B779C8 /* Release */,
			);
			defaultConfigurationIsVisible = 0;
			defaultConfigurationName = Release;
		};
		6FABE66F2AD8D9E900B779C8 /* Build configuration list for PBXNativeTarget "Day2" */ = {
			isa = XCConfigurationList;
			buildConfigurations = (
				6FABE6702AD8D9E900B779C8 /* Debug */,
				6FABE6712AD8D9E900B779C8 /* Release */,
			);
			defaultConfigurationIsVisible = 0;
			defaultConfigurationName = Release;
		};
		6FABE6722AD8D9E900B779C8 /* Build configuration list for PBXNativeTarget "Day2Tests" */ = {
			isa = XCConfigurationList;
			buildConfigurations = (
				6FABE6732AD8D9E900B779C8 /* Debug */,
				6FABE6742AD8D9E900B779C8 /* Release */,
			);
			defaultConfigurationIsVisible = 0;
			defaultConfigurationName = Release;
		};
		6FABE6752AD8D9E900B779C8 /* Build configuration list for PBXNativeTarget "Day2UITests" */ = {
			isa = XCConfigurationList;
			buildConfigurations = (
				6FABE6762AD8D9E900B779C8 /* Debug */,
				6FABE6772AD8D9E900B779C8 /* Release */,
			);
			defaultConfigurationIsVisible = 0;
			defaultConfigurationName = Release;
		};
/* End XCConfigurationList section */

/* Begin XCRemoteSwiftPackageReference section */
		6FC432752ADF99D1000F8210 /* XCRemoteSwiftPackageReference "Alamofire" */ = {
			isa = XCRemoteSwiftPackageReference;
			repositoryURL = "https://github.com/Alamofire/Alamofire.git";
			requirement = {
				kind = upToNextMajorVersion;
				minimumVersion = 5.8.0;
			};
		};
/* End XCRemoteSwiftPackageReference section */

/* Begin XCSwiftPackageProductDependency section */
		6FC432762ADF99D1000F8210 /* Alamofire */ = {
			isa = XCSwiftPackageProductDependency;
			package = 6FC432752ADF99D1000F8210 /* XCRemoteSwiftPackageReference "Alamofire" */;
			productName = Alamofire;
		};
/* End XCSwiftPackageProductDependency section */

/* Begin XCVersionGroup section */
		6F3791542AE0CB93002AF6E2 /* Model.xcdatamodeld */ = {
			isa = XCVersionGroup;
			children = (
				6F3791552AE0CB93002AF6E2 /* Model.xcdatamodel */,
			);
			currentVersion = 6F3791552AE0CB93002AF6E2 /* Model.xcdatamodel */;
			path = Model.xcdatamodeld;
			sourceTree = "<group>";
			versionGroupType = wrapper.xcdatamodel;
		};
/* End XCVersionGroup section */
	};
	rootObject = 6FABE63D2AD8D9E700B779C8 /* Project object */;
}
